
Microsoft Visual Studio Solution File, Format Version 12.00
# Visual Studio Version 16
VisualStudioVersion = 16.0.30330.147
MinimumVisualStudioVersion = 10.0.40219.1
Project("{9A19103F-16F7-4668-BE54-9A1E7A4F7556}") = "MyApi", "MyApi\MyApi.csproj", "{78294BB4-6A81-42D1-BEEE-F4D487942A19}"
EndProject
Project("{9A19103F-16F7-4668-BE54-9A1E7A4F7556}") = "Common", "Common\Common.csproj", "{28180740-83CD-4711-AE18-440ECE5BDB6E}"
EndProject
Project("{9A19103F-16F7-4668-BE54-9A1E7A4F7556}") = "Data", "Data\Data.csproj", "{A9003612-D058-4C50-8D2E-BA6D46BBAE94}"
EndProject
Project("{9A19103F-16F7-4668-BE54-9A1E7A4F7556}") = "Entities", "Entities\Entities.csproj", "{5FF15FE5-10FC-4E83-87E9-024819A67697}"
EndProject
Project("{9A19103F-16F7-4668-BE54-9A1E7A4F7556}") = "Services", "Services\Services.csproj", "{A2B4222F-7629-43C7-90B6-0D6E72946EFA}"
EndProject
Project("{9A19103F-16F7-4668-BE54-9A1E7A4F7556}") = "WebFramework", "WebFramework\WebFramework.csproj", "{245B2FAB-C529-4EBF-A726-ED9D98916913}"
EndProject
Project("{2150E333-8FDC-42A3-9474-1A3956D46DE8}") = "01-MyApi", "01-MyApi", "{9959B1A1-0F05-4B2D-873C-F984F80859B7}"
EndProject
Project("{2150E333-8FDC-42A3-9474-1A3956D46DE8}") = "02-Webframework", "02-Webframework", "{E258E6FB-18ED-4BA3-8BCB-6F30B59232A4}"
EndProject
Project("{2150E333-8FDC-42A3-9474-1A3956D46DE8}") = "03-Services", "03-Services", "{C7C14D9B-A634-4BB8-BDDA-315494A002F9}"
EndProject
Project("{2150E333-8FDC-42A3-9474-1A3956D46DE8}") = "04-DataAccess", "04-DataAccess", "{4E54CBD3-446C-4687-8C7D-06441D74BFE5}"
EndProject
Project("{2150E333-8FDC-42A3-9474-1A3956D46DE8}") = "05-Entities", "05-Entities", "{C2C2EE81-E51E-4490-90DE-D6319A78179E}"
EndProject
Project("{2150E333-8FDC-42A3-9474-1A3956D46DE8}") = "06-Common", "06-Common", "{69A75026-A5AB-45BD-A9E0-A815FD9E3026}"
EndProject
Global
	GlobalSection(SolutionConfigurationPlatforms) = preSolution
		Debug|Any CPU = Debug|Any CPU
		Release|Any CPU = Release|Any CPU
	EndGlobalSection
	GlobalSection(ProjectConfigurationPlatforms) = postSolution
		{78294BB4-6A81-42D1-BEEE-F4D487942A19}.Debug|Any CPU.ActiveCfg = Debug|Any CPU
		{78294BB4-6A81-42D1-BEEE-F4D487942A19}.Debug|Any CPU.Build.0 = Debug|Any CPU
		{78294BB4-6A81-42D1-BEEE-F4D487942A19}.Release|Any CPU.ActiveCfg = Release|Any CPU
		{78294BB4-6A81-42D1-BEEE-F4D487942A19}.Release|Any CPU.Build.0 = Release|Any CPU
		{28180740-83CD-4711-AE18-440ECE5BDB6E}.Debug|Any CPU.ActiveCfg = Debug|Any CPU
		{28180740-83CD-4711-AE18-440ECE5BDB6E}.Debug|Any CPU.Build.0 = Debug|Any CPU
		{28180740-83CD-4711-AE18-440ECE5BDB6E}.Release|Any CPU.ActiveCfg = Release|Any CPU
		{28180740-83CD-4711-AE18-440ECE5BDB6E}.Release|Any CPU.Build.0 = Release|Any CPU
		{A9003612-D058-4C50-8D2E-BA6D46BBAE94}.Debug|Any CPU.ActiveCfg = Debug|Any CPU
		{A9003612-D058-4C50-8D2E-BA6D46BBAE94}.Debug|Any CPU.Build.0 = Debug|Any CPU
		{A9003612-D058-4C50-8D2E-BA6D46BBAE94}.Release|Any CPU.ActiveCfg = Release|Any CPU
		{A9003612-D058-4C50-8D2E-BA6D46BBAE94}.Release|Any CPU.Build.0 = Release|Any CPU
		{5FF15FE5-10FC-4E83-87E9-024819A67697}.Debug|Any CPU.ActiveCfg = Debug|Any CPU
		{5FF15FE5-10FC-4E83-87E9-024819A67697}.Debug|Any CPU.Build.0 = Debug|Any CPU
		{5FF15FE5-10FC-4E83-87E9-024819A67697}.Release|Any CPU.ActiveCfg = Release|Any CPU
		{5FF15FE5-10FC-4E83-87E9-024819A67697}.Release|Any CPU.Build.0 = Release|Any CPU
		{A2B4222F-7629-43C7-90B6-0D6E72946EFA}.Debug|Any CPU.ActiveCfg = Debug|Any CPU
		{A2B4222F-7629-43C7-90B6-0D6E72946EFA}.Debug|Any CPU.Build.0 = Debug|Any CPU
		{A2B4222F-7629-43C7-90B6-0D6E72946EFA}.Release|Any CPU.ActiveCfg = Release|Any CPU
		{A2B4222F-7629-43C7-90B6-0D6E72946EFA}.Release|Any CPU.Build.0 = Release|Any CPU
		{245B2FAB-C529-4EBF-A726-ED9D98916913}.Debug|Any CPU.ActiveCfg = Debug|Any CPU
		{245B2FAB-C529-4EBF-A726-ED9D98916913}.Debug|Any CPU.Build.0 = Debug|Any CPU
		{245B2FAB-C529-4EBF-A726-ED9D98916913}.Release|Any CPU.ActiveCfg = Release|Any CPU
		{245B2FAB-C529-4EBF-A726-ED9D98916913}.Release|Any CPU.Build.0 = Release|Any CPU
	EndGlobalSection
	GlobalSection(SolutionProperties) = preSolution
		HideSolutionNode = FALSE
	EndGlobalSection
	GlobalSection(NestedProjects) = preSolution
		{78294BB4-6A81-42D1-BEEE-F4D487942A19} = {9959B1A1-0F05-4B2D-873C-F984F80859B7}
		{28180740-83CD-4711-AE18-440ECE5BDB6E} = {69A75026-A5AB-45BD-A9E0-A815FD9E3026}
		{A9003612-D058-4C50-8D2E-BA6D46BBAE94} = {4E54CBD3-446C-4687-8C7D-06441D74BFE5}
		{5FF15FE5-10FC-4E83-87E9-024819A67697} = {C2C2EE81-E51E-4490-90DE-D6319A78179E}
		{A2B4222F-7629-43C7-90B6-0D6E72946EFA} = {C7C14D9B-A634-4BB8-BDDA-315494A002F9}
		{245B2FAB-C529-4EBF-A726-ED9D98916913} = {E258E6FB-18ED-4BA3-8BCB-6F30B59232A4}
	EndGlobalSection
	GlobalSection(ExtensibilityGlobals) = postSolution
		SolutionGuid = {8C45A487-3D0E-4968-BE27-E1D7C6807446}
	EndGlobalSection
EndGlobal
